// !$*UTF8*$!
{
	archiveVersion = 1;
	classes = {
	};
	objectVersion = 55;
	objects = {

/* Begin PBXBuildFile section */
		671722452952AE14007892EE /* firstprojectApp.swift in Sources */ = {isa = PBXBuildFile; fileRef = 671722442952AE14007892EE /* firstprojectApp.swift */; };
		671722472952AE14007892EE /* ContentView.swift in Sources */ = {isa = PBXBuildFile; fileRef = 671722462952AE14007892EE /* ContentView.swift */; };
		671722492952AE18007892EE /* Assets.xcassets in Resources */ = {isa = PBXBuildFile; fileRef = 671722482952AE18007892EE /* Assets.xcassets */; };
		6717224C2952AE18007892EE /* Preview Assets.xcassets in Resources */ = {isa = PBXBuildFile; fileRef = 6717224B2952AE18007892EE /* Preview Assets.xcassets */; };
		671722562952AE18007892EE /* firstprojectTests.swift in Sources */ = {isa = PBXBuildFile; fileRef = 671722552952AE18007892EE /* firstprojectTests.swift */; };
		671722602952AE18007892EE /* firstprojectUITests.swift in Sources */ = {isa = PBXBuildFile; fileRef = 6717225F2952AE18007892EE /* firstprojectUITests.swift */; };
		671722622952AE18007892EE /* firstprojectUITestsLaunchTests.swift in Sources */ = {isa = PBXBuildFile; fileRef = 671722612952AE18007892EE /* firstprojectUITestsLaunchTests.swift */; };
/* End PBXBuildFile section */

/* Begin PBXContainerItemProxy section */
		671722522952AE18007892EE /* PBXContainerItemProxy */ = {
			isa = PBXContainerItemProxy;
			containerPortal = 671722392952AE14007892EE /* Project object */;
			proxyType = 1;
			remoteGlobalIDString = 671722402952AE14007892EE;
			remoteInfo = firstproject;
		};
		6717225C2952AE18007892EE /* PBXContainerItemProxy */ = {
			isa = PBXContainerItemProxy;
			containerPortal = 671722392952AE14007892EE /* Project object */;
			proxyType = 1;
			remoteGlobalIDString = 671722402952AE14007892EE;
			remoteInfo = firstproject;
		};
/* End PBXContainerItemProxy section */

/* Begin PBXFileReference section */
		671722412952AE14007892EE /* firstproject.app */ = {isa = PBXFileReference; explicitFileType = wrapper.application; includeInIndex = 0; path = firstproject.app; sourceTree = BUILT_PRODUCTS_DIR; };
		671722442952AE14007892EE /* firstprojectApp.swift */ = {isa = PBXFileReference; lastKnownFileType = sourcecode.swift; path = firstprojectApp.swift; sourceTree = "<group>"; };
		671722462952AE14007892EE /* ContentView.swift */ = {isa = PBXFileReference; lastKnownFileType = sourcecode.swift; path = ContentView.swift; sourceTree = "<group>"; };
		671722482952AE18007892EE /* Assets.xcassets */ = {isa = PBXFileReference; lastKnownFileType = folder.assetcatalog; path = Assets.xcassets; sourceTree = "<group>"; };
		6717224B2952AE18007892EE /* Preview Assets.xcassets */ = {isa = PBXFileReference; lastKnownFileType = folder.assetcatalog; path = "Preview Assets.xcassets"; sourceTree = "<group>"; };
		671722512952AE18007892EE /* firstprojectTests.xctest */ = {isa = PBXFileReference; explicitFileType = wrapper.cfbundle; includeInIndex = 0; path = firstprojectTests.xctest; sourceTree = BUILT_PRODUCTS_DIR; };
		671722552952AE18007892EE /* firstprojectTests.swift */ = {isa = PBXFileReference; lastKnownFileType = sourcecode.swift; path = firstprojectTests.swift; sourceTree = "<group>"; };
		6717225B2952AE18007892EE /* firstprojectUITests.xctest */ = {isa = PBXFileReference; explicitFileType = wrapper.cfbundle; includeInIndex = 0; path = firstprojectUITests.xctest; sourceTree = BUILT_PRODUCTS_DIR; };
		6717225F2952AE18007892EE /* firstprojectUITests.swift */ = {isa = PBXFileReference; lastKnownFileType = sourcecode.swift; path = firstprojectUITests.swift; sourceTree = "<group>"; };
		671722612952AE18007892EE /* firstprojectUITestsLaunchTests.swift */ = {isa = PBXFileReference; lastKnownFileType = sourcecode.swift; path = firstprojectUITestsLaunchTests.swift; sourceTree = "<group>"; };
/* End PBXFileReference section */

/* Begin PBXFrameworksBuildPhase section */
		6717223E2952AE14007892EE /* Frameworks */ = {
			isa = PBXFrameworksBuildPhase;
			buildActionMask = 2147483647;
			files = (
			);
			runOnlyForDeploymentPostprocessing = 0;
		};
		6717224E2952AE18007892EE /* Frameworks */ = {
			isa = PBXFrameworksBuildPhase;
			buildActionMask = 2147483647;
			files = (
			);
			runOnlyForDeploymentPostprocessing = 0;
		};
		671722582952AE18007892EE /* Frameworks */ = {
			isa = PBXFrameworksBuildPhase;
			buildActionMask = 2147483647;
			files = (
			);
			runOnlyForDeploymentPostprocessing = 0;
		};
/* End PBXFrameworksBuildPhase section */

/* Begin PBXGroup section */
		671722382952AE14007892EE = {
			isa = PBXGroup;
			children = (
				671722432952AE14007892EE /* firstproject */,
				671722542952AE18007892EE /* firstprojectTests */,
				6717225E2952AE18007892EE /* firstprojectUITests */,
				671722422952AE14007892EE /* Products */,
			);
			sourceTree = "<group>";
		};
		671722422952AE14007892EE /* Products */ = {
			isa = PBXGroup;
			children = (
				671722412952AE14007892EE /* firstproject.app */,
				671722512952AE18007892EE /* firstprojectTests.xctest */,
				6717225B2952AE18007892EE /* firstprojectUITests.xctest */,
			);
			name = Products;
			sourceTree = "<group>";
		};
		671722432952AE14007892EE /* firstproject */ = {
			isa = PBXGroup;
			children = (
				671722442952AE14007892EE /* firstprojectApp.swift */,
				671722462952AE14007892EE /* ContentView.swift */,
				671722482952AE18007892EE /* Assets.xcassets */,
				6717224A2952AE18007892EE /* Preview Content */,
			);
			path = firstproject;
			sourceTree = "<group>";
		};
		6717224A2952AE18007892EE /* Preview Content */ = {
			isa = PBXGroup;
			children = (
				6717224B2952AE18007892EE /* Preview Assets.xcassets */,
			);
			path = "Preview Content";
			sourceTree = "<group>";
		};
		671722542952AE18007892EE /* firstprojectTests */ = {
			isa = PBXGroup;
			children = (
				671722552952AE18007892EE /* firstprojectTests.swift */,
			);
			path = firstprojectTests;
			sourceTree = "<group>";
		};
		6717225E2952AE18007892EE /* firstprojectUITests */ = {
			isa = PBXGroup;
			children = (
				6717225F2952AE18007892EE /* firstprojectUITests.swift */,
				671722612952AE18007892EE /* firstprojectUITestsLaunchTests.swift */,
			);
			path = firstprojectUITests;
			sourceTree = "<group>";
		};
/* End PBXGroup section */

/* Begin PBXNativeTarget section */
		671722402952AE14007892EE /* firstproject */ = {
			isa = PBXNativeTarget;
			buildConfigurationList = 671722652952AE18007892EE /* Build configuration list for PBXNativeTarget "firstproject" */;
			buildPhases = (
				6717223D2952AE14007892EE /* Sources */,
				6717223E2952AE14007892EE /* Frameworks */,
				6717223F2952AE14007892EE /* Resources */,
			);
			buildRules = (
			);
			dependencies = (
			);
			name = firstproject;
			productName = firstproject;
			productReference = 671722412952AE14007892EE /* firstproject.app */;
			productType = "com.apple.product-type.application";
		};
		671722502952AE18007892EE /* firstprojectTests */ = {
			isa = PBXNativeTarget;
			buildConfigurationList = 671722682952AE18007892EE /* Build configuration list for PBXNativeTarget "firstprojectTests" */;
			buildPhases = (
				6717224D2952AE18007892EE /* Sources */,
				6717224E2952AE18007892EE /* Frameworks */,
				6717224F2952AE18007892EE /* Resources */,
			);
			buildRules = (
			);
			dependencies = (
				671722532952AE18007892EE /* PBXTargetDependency */,
			);
			name = firstprojectTests;
			productName = firstprojectTests;
			productReference = 671722512952AE18007892EE /* firstprojectTests.xctest */;
			productType = "com.apple.product-type.bundle.unit-test";
		};
		6717225A2952AE18007892EE /* firstprojectUITests */ = {
			isa = PBXNativeTarget;
			buildConfigurationList = 6717226B2952AE18007892EE /* Build configuration list for PBXNativeTarget "firstprojectUITests" */;
			buildPhases = (
				671722572952AE18007892EE /* Sources */,
				671722582952AE18007892EE /* Frameworks */,
				671722592952AE18007892EE /* Resources */,
			);
			buildRules = (
			);
			dependencies = (
				6717225D2952AE18007892EE /* PBXTargetDependency */,
			);
			name = firstprojectUITests;
			productName = firstprojectUITests;
			productReference = 6717225B2952AE18007892EE /* firstprojectUITests.xctest */;
			productType = "com.apple.product-type.bundle.ui-testing";
		};
/* End PBXNativeTarget section */

/* Begin PBXProject section */
		671722392952AE14007892EE /* Project object */ = {
			isa = PBXProject;
			attributes = {
				BuildIndependentTargetsInParallel = 1;
				LastSwiftUpdateCheck = 1340;
				LastUpgradeCheck = 1340;
				TargetAttributes = {
					671722402952AE14007892EE = {
						CreatedOnToolsVersion = 13.4.1;
					};
					671722502952AE18007892EE = {
						CreatedOnToolsVersion = 13.4.1;
						TestTargetID = 671722402952AE14007892EE;
					};
					6717225A2952AE18007892EE = {
						CreatedOnToolsVersion = 13.4.1;
						TestTargetID = 671722402952AE14007892EE;
					};
				};
			};
			buildConfigurationList = 6717223C2952AE14007892EE /* Build configuration list for PBXProject "firstproject" */;
			compatibilityVersion = "Xcode 13.0";
			developmentRegion = en;
			hasScannedForEncodings = 0;
			knownRegions = (
				en,
				Base,
			);
			mainGroup = 671722382952AE14007892EE;
			productRefGroup = 671722422952AE14007892EE /* Products */;
			projectDirPath = "";
			projectRoot = "";
			targets = (
				671722402952AE14007892EE /* firstproject */,
				671722502952AE18007892EE /* firstprojectTests */,
				6717225A2952AE18007892EE /* firstprojectUITests */,
			);
		};
/* End PBXProject section */

/* Begin PBXResourcesBuildPhase section */
		6717223F2952AE14007892EE /* Resources */ = {
			isa = PBXResourcesBuildPhase;
			buildActionMask = 2147483647;
			files = (
				6717224C2952AE18007892EE /* Preview Assets.xcassets in Resources */,
				671722492952AE18007892EE /* Assets.xcassets in Resources */,
			);
			runOnlyForDeploymentPostprocessing = 0;
		};
		6717224F2952AE18007892EE /* Resources */ = {
			isa = PBXResourcesBuildPhase;
			buildActionMask = 2147483647;
			files = (
			);
			runOnlyForDeploymentPostprocessing = 0;
		};
		671722592952AE18007892EE /* Resources */ = {
			isa = PBXResourcesBuildPhase;
			buildActionMask = 2147483647;
			files = (
			);
			runOnlyForDeploymentPostprocessing = 0;
		};
/* End PBXResourcesBuildPhase section */

/* Begin PBXSourcesBuildPhase section */
		6717223D2952AE14007892EE /* Sources */ = {
			isa = PBXSourcesBuildPhase;
			buildActionMask = 2147483647;
			files = (
				671722472952AE14007892EE /* ContentView.swift in Sources */,
				671722452952AE14007892EE /* firstprojectApp.swift in Sources */,
			);
			runOnlyForDeploymentPostprocessing = 0;
		};
		6717224D2952AE18007892EE /* Sources */ = {
			isa = PBXSourcesBuildPhase;
			buildActionMask = 2147483647;
			files = (
				671722562952AE18007892EE /* firstprojectTests.swift in Sources */,
			);
			runOnlyForDeploymentPostprocessing = 0;
		};
		671722572952AE18007892EE /* Sources */ = {
			isa = PBXSourcesBuildPhase;
			buildActionMask = 2147483647;
			files = (
				671722602952AE18007892EE /* firstprojectUITests.swift in Sources */,
				671722622952AE18007892EE /* firstprojectUITestsLaunchTests.swift in Sources */,
			);
			runOnlyForDeploymentPostprocessing = 0;
		};
/* End PBXSourcesBuildPhase section */

/* Begin PBXTargetDependency section */
		671722532952AE18007892EE /* PBXTargetDependency */ = {
			isa = PBXTargetDependency;
			target = 671722402952AE14007892EE /* firstproject */;
			targetProxy = 671722522952AE18007892EE /* PBXContainerItemProxy */;
		};
		6717225D2952AE18007892EE /* PBXTargetDependency */ = {
			isa = PBXTargetDependency;
			target = 671722402952AE14007892EE /* firstproject */;
			targetProxy = 6717225C2952AE18007892EE /* PBXContainerItemProxy */;
		};
/* End PBXTargetDependency section */

/* Begin XCBuildConfiguration section */
		671722632952AE18007892EE /* Debug */ = {
			isa = XCBuildConfiguration;
			buildSettings = {
				ALWAYS_SEARCH_USER_PATHS = NO;
				CLANG_ANALYZER_NONNULL = YES;
				CLANG_ANALYZER_NUMBER_OBJECT_CONVERSION = YES_AGGRESSIVE;
				CLANG_CXX_LANGUAGE_STANDARD = "gnu++17";
				CLANG_ENABLE_MODULES = YES;
				CLANG_ENABLE_OBJC_ARC = YES;
				CLANG_ENABLE_OBJC_WEAK = YES;
				CLANG_WARN_BLOCK_CAPTURE_AUTORELEASING = YES;
				CLANG_WARN_BOOL_CONVERSION = YES;
				CLANG_WARN_COMMA = YES;
				CLANG_WARN_CONSTANT_CONVERSION = YES;
				CLANG_WARN_DEPRECATED_OBJC_IMPLEMENTATIONS = YES;
				CLANG_WARN_DIRECT_OBJC_ISA_USAGE = YES_ERROR;
				CLANG_WARN_DOCUMENTATION_COMMENTS = YES;
				CLANG_WARN_EMPTY_BODY = YES;
				CLANG_WARN_ENUM_CONVERSION = YES;
				CLANG_WARN_INFINITE_RECURSION = YES;
				CLANG_WARN_INT_CONVERSION = YES;
				CLANG_WARN_NON_LITERAL_NULL_CONVERSION = YES;
				CLANG_WARN_OBJC_IMPLICIT_RETAIN_SELF = YES;
				CLANG_WARN_OBJC_LITERAL_CONVERSION = YES;
				CLANG_WARN_OBJC_ROOT_CLASS = YES_ERROR;
				CLANG_WARN_QUOTED_INCLUDE_IN_FRAMEWORK_HEADER = YES;
				CLANG_WARN_RANGE_LOOP_ANALYSIS = YES;
				CLANG_WARN_STRICT_PROTOTYPES = YES;
				CLANG_WARN_SUSPICIOUS_MOVE = YES;
				CLANG_WARN_UNGUARDED_AVAILABILITY = YES_AGGRESSIVE;
				CLANG_WARN_UNREACHABLE_CODE = YES;
				CLANG_WARN__DUPLICATE_METHOD_MATCH = YES;
				COPY_PHASE_STRIP = NO;
				DEBUG_INFORMATION_FORMAT = dwarf;
				ENABLE_STRICT_OBJC_MSGSEND = YES;
				ENABLE_TESTABILITY = YES;
				GCC_C_LANGUAGE_STANDARD = gnu11;
				GCC_DYNAMIC_NO_PIC = NO;
				GCC_NO_COMMON_BLOCKS = YES;
				GCC_OPTIMIZATION_LEVEL = 0;
				GCC_PREPROCESSOR_DEFINITIONS = (
					"DEBUG=1",
					"$(inherited)",
				);
				GCC_WARN_64_TO_32_BIT_CONVERSION = YES;
				GCC_WARN_ABOUT_RETURN_TYPE = YES_ERROR;
				GCC_WARN_UNDECLARED_SELECTOR = YES;
				GCC_WARN_UNINITIALIZED_AUTOS = YES_AGGRESSIVE;
				GCC_WARN_UNUSED_FUNCTION = YES;
				GCC_WARN_UNUSED_VARIABLE = YES;
				IPHONEOS_DEPLOYMENT_TARGET = 15.5;
				MTL_ENABLE_DEBUG_INFO = INCLUDE_SOURCE;
				MTL_FAST_MATH = YES;
				ONLY_ACTIVE_ARCH = YES;
				SDKROOT = iphoneos;
				SWIFT_ACTIVE_COMPILATION_CONDITIONS = DEBUG;
				SWIFT_OPTIMIZATION_LEVEL = "-Onone";
			};
			name = Debug;
		};
		671722642952AE18007892EE /* Release */ = {
			isa = XCBuildConfiguration;
			buildSettings = {
				ALWAYS_SEARCH_USER_PATHS = NO;
				CLANG_ANALYZER_NONNULL = YES;
				CLANG_ANALYZER_NUMBER_OBJECT_CONVERSION = YES_AGGRESSIVE;
				CLANG_CXX_LANGUAGE_STANDARD = "gnu++17";
				CLANG_ENABLE_MODULES = YES;
				CLANG_ENABLE_OBJC_ARC = YES;
				CLANG_ENABLE_OBJC_WEAK = YES;
				CLANG_WARN_BLOCK_CAPTURE_AUTORELEASING = YES;
				CLANG_WARN_BOOL_CONVERSION = YES;
				CLANG_WARN_COMMA = YES;
				CLANG_WARN_CONSTANT_CONVERSION = YES;
				CLANG_WARN_DEPRECATED_OBJC_IMPLEMENTATIONS = YES;
				CLANG_WARN_DIRECT_OBJC_ISA_USAGE = YES_ERROR;
				CLANG_WARN_DOCUMENTATION_COMMENTS = YES;
				CLANG_WARN_EMPTY_BODY = YES;
				CLANG_WARN_ENUM_CONVERSION = YES;
				CLANG_WARN_INFINITE_RECURSION = YES;
				CLANG_WARN_INT_CONVERSION = YES;
				CLANG_WARN_NON_LITERAL_NULL_CONVERSION = YES;
				CLANG_WARN_OBJC_IMPLICIT_RETAIN_SELF = YES;
				CLANG_WARN_OBJC_LITERAL_CONVERSION = YES;
				CLANG_WARN_OBJC_ROOT_CLASS = YES_ERROR;
				CLANG_WARN_QUOTED_INCLUDE_IN_FRAMEWORK_HEADER = YES;
				CLANG_WARN_RANGE_LOOP_ANALYSIS = YES;
				CLANG_WARN_STRICT_PROTOTYPES = YES;
				CLANG_WARN_SUSPICIOUS_MOVE = YES;
				CLANG_WARN_UNGUARDED_AVAILABILITY = YES_AGGRESSIVE;
				CLANG_WARN_UNREACHABLE_CODE = YES;
				CLANG_WARN__DUPLICATE_METHOD_MATCH = YES;
				COPY_PHASE_STRIP = NO;
				DEBUG_INFORMATION_FORMAT = "dwarf-with-dsym";
				ENABLE_NS_ASSERTIONS = NO;
				ENABLE_STRICT_OBJC_MSGSEND = YES;
				GCC_C_LANGUAGE_STANDARD = gnu11;
				GCC_NO_COMMON_BLOCKS = YES;
				GCC_WARN_64_TO_32_BIT_CONVERSION = YES;
				GCC_WARN_ABOUT_RETURN_TYPE = YES_ERROR;
				GCC_WARN_UNDECLARED_SELECTOR = YES;
				GCC_WARN_UNINITIALIZED_AUTOS = YES_AGGRESSIVE;
				GCC_WARN_UNUSED_FUNCTION = YES;
				GCC_WARN_UNUSED_VARIABLE = YES;
				IPHONEOS_DEPLOYMENT_TARGET = 15.5;
				MTL_ENABLE_DEBUG_INFO = NO;
				MTL_FAST_MATH = YES;
				SDKROOT = iphoneos;
				SWIFT_COMPILATION_MODE = wholemodule;
				SWIFT_OPTIMIZATION_LEVEL = "-O";
				VALIDATE_PRODUCT = YES;
			};
			name = Release;
		};
		671722662952AE18007892EE /* Debug */ = {
			isa = XCBuildConfiguration;
			buildSettings = {
				ASSETCATALOG_COMPILER_APPICON_NAME = AppIcon;
				ASSETCATALOG_COMPILER_GLOBAL_ACCENT_COLOR_NAME = AccentColor;
				CODE_SIGN_STYLE = Automatic;
				CURRENT_PROJECT_VERSION = 1;
				DEVELOPMENT_ASSET_PATHS = "\"firstproject/Preview Content\"";
				DEVELOPMENT_TEAM = 2S5Z9LXB2A;
				ENABLE_PREVIEWS = YES;
				GENERATE_INFOPLIST_FILE = YES;
				INFOPLIST_KEY_UIApplicationSceneManifest_Generation = YES;
				INFOPLIST_KEY_UIApplicationSupportsIndirectInputEvents = YES;
				INFOPLIST_KEY_UILaunchScreen_Generation = YES;
				INFOPLIST_KEY_UISupportedInterfaceOrientations_iPad = "UIInterfaceOrientationPortrait UIInterfaceOrientationPortraitUpsideDown UIInterfaceOrientationLandscapeLeft UIInterfaceOrientationLandscapeRight";
				INFOPLIST_KEY_UISupportedInterfaceOrientations_iPhone = "UIInterfaceOrientationPortrait UIInterfaceOrientationLandscapeLeft UIInterfaceOrientationLandscapeRight";
				LD_RUNPATH_SEARCH_PATHS = (
					"$(inherited)",
					"@executable_path/Frameworks",
				);
				MARKETING_VERSION = 1.0;
				PRODUCT_BUNDLE_IDENTIFIER = jaydenjardine.firstproject;
				PRODUCT_NAME = "$(TARGET_NAME)";
				SWIFT_EMIT_LOC_STRINGS = YES;
				SWIFT_VERSION = 5.0;
				TARGETED_DEVICE_FAMILY = "1,2";
			};
			name = Debug;
		};
		671722672952AE18007892EE /* Release */ = {
			isa = XCBuildConfiguration;
			buildSettings = {
				ASSETCATALOG_COMPILER_APPICON_NAME = AppIcon;
				ASSETCATALOG_COMPILER_GLOBAL_ACCENT_COLOR_NAME = AccentColor;
				CODE_SIGN_STYLE = Automatic;
				CURRENT_PROJECT_VERSION = 1;
				DEVELOPMENT_ASSET_PATHS = "\"firstproject/Preview Content\"";
				DEVELOPMENT_TEAM = 2S5Z9LXB2A;
				ENABLE_PREVIEWS = YES;
				GENERATE_INFOPLIST_FILE = YES;
				INFOPLIST_KEY_UIApplicationSceneManifest_Generation = YES;
				INFOPLIST_KEY_UIApplicationSupportsIndirectInputEvents = YES;
				INFOPLIST_KEY_UILaunchScreen_Generation = YES;
				INFOPLIST_KEY_UISupportedInterfaceOrientations_iPad = "UIInterfaceOrientationPortrait UIInterfaceOrientationPortraitUpsideDown UIInterfaceOrientationLandscapeLeft UIInterfaceOrientationLandscapeRight";
				INFOPLIST_KEY_UISupportedInterfaceOrientations_iPhone = "UIInterfaceOrientationPortrait UIInterfaceOrientationLandscapeLeft UIInterfaceOrientationLandscapeRight";
				LD_RUNPATH_SEARCH_PATHS = (
					"$(inherited)",
					"@executable_path/Frameworks",
				);
				MARKETING_VERSION = 1.0;
				PRODUCT_BUNDLE_IDENTIFIER = jaydenjardine.firstproject;
				PRODUCT_NAME = "$(TARGET_NAME)";
				SWIFT_EMIT_LOC_STRINGS = YES;
				SWIFT_VERSION = 5.0;
				TARGETED_DEVICE_FAMILY = "1,2";
			};
			name = Release;
		};
		671722692952AE18007892EE /* Debug */ = {
			isa = XCBuildConfiguration;
			buildSettings = {
				ALWAYS_EMBED_SWIFT_STANDARD_LIBRARIES = YES;
				BUNDLE_LOADER = "$(TEST_HOST)";
				CODE_SIGN_STYLE = Automatic;
				CURRENT_PROJECT_VERSION = 1;
				DEVELOPMENT_TEAM = 2S5Z9LXB2A;
				GENERATE_INFOPLIST_FILE = YES;
				IPHONEOS_DEPLOYMENT_TARGET = 15.5;
				MARKETING_VERSION = 1.0;
				PRODUCT_BUNDLE_IDENTIFIER = jaydenjardine.firstprojectTests;
				PRODUCT_NAME = "$(TARGET_NAME)";
				SWIFT_EMIT_LOC_STRINGS = NO;
				SWIFT_VERSION = 5.0;
				TARGETED_DEVICE_FAMILY = "1,2";
				TEST_HOST = "$(BUILT_PRODUCTS_DIR)/firstproject.app/firstproject";
			};
			name = Debug;
		};
		6717226A2952AE18007892EE /* Release */ = {
			isa = XCBuildConfiguration;
			buildSettings = {
				ALWAYS_EMBED_SWIFT_STANDARD_LIBRARIES = YES;
				BUNDLE_LOADER = "$(TEST_HOST)";
				CODE_SIGN_STYLE = Automatic;
				CURRENT_PROJECT_VERSION = 1;
				DEVELOPMENT_TEAM = 2S5Z9LXB2A;
				GENERATE_INFOPLIST_FILE = YES;
				IPHONEOS_DEPLOYMENT_TARGET = 15.5;
				MARKETING_VERSION = 1.0;
				PRODUCT_BUNDLE_IDENTIFIER = jaydenjardine.firstprojectTests;
				PRODUCT_NAME = "$(TARGET_NAME)";
				SWIFT_EMIT_LOC_STRINGS = NO;
				SWIFT_VERSION = 5.0;
				TARGETED_DEVICE_FAMILY = "1,2";
				TEST_HOST = "$(BUILT_PRODUCTS_DIR)/firstproject.app/firstproject";
			};
			name = Release;
		};
		6717226C2952AE18007892EE /* Debug */ = {
			isa = XCBuildConfiguration;
			buildSettings = {
				ALWAYS_EMBED_SWIFT_STANDARD_LIBRARIES = YES;
				CODE_SIGN_STYLE = Automatic;
				CURRENT_PROJECT_VERSION = 1;
				DEVELOPMENT_TEAM = 2S5Z9LXB2A;
				GENERATE_INFOPLIST_FILE = YES;
				MARKETING_VERSION = 1.0;
				PRODUCT_BUNDLE_IDENTIFIER = jaydenjardine.firstprojectUITests;
				PRODUCT_NAME = "$(TARGET_NAME)";
				SWIFT_EMIT_LOC_STRINGS = NO;
				SWIFT_VERSION = 5.0;
				TARGETED_DEVICE_FAMILY = "1,2";
				TEST_TARGET_NAME = firstproject;
			};
			name = Debug;
		};
		6717226D2952AE18007892EE /* Release */ = {
			isa = XCBuildConfiguration;
			buildSettings = {
				ALWAYS_EMBED_SWIFT_STANDARD_LIBRARIES = YES;
				CODE_SIGN_STYLE = Automatic;
				CURRENT_PROJECT_VERSION = 1;
				DEVELOPMENT_TEAM = 2S5Z9LXB2A;
				GENERATE_INFOPLIST_FILE = YES;
				MARKETING_VERSION = 1.0;
				PRODUCT_BUNDLE_IDENTIFIER = jaydenjardine.firstprojectUITests;
				PRODUCT_NAME = "$(TARGET_NAME)";
				SWIFT_EMIT_LOC_STRINGS = NO;
				SWIFT_VERSION = 5.0;
				TARGETED_DEVICE_FAMILY = "1,2";
				TEST_TARGET_NAME = firstproject;
			};
			name = Release;
		};
/* End XCBuildConfiguration section */

/* Begin XCConfigurationList section */
		6717223C2952AE14007892EE /* Build configuration list for PBXProject "firstproject" */ = {
			isa = XCConfigurationList;
			buildConfigurations = (
				671722632952AE18007892EE /* Debug */,
				671722642952AE18007892EE /* Release */,
			);
			defaultConfigurationIsVisible = 0;
			defaultConfigurationName = Release;
		};
		671722652952AE18007892EE /* Build configuration list for PBXNativeTarget "firstproject" */ = {
			isa = XCConfigurationList;
			buildConfigurations = (
				671722662952AE18007892EE /* Debug */,
				671722672952AE18007892EE /* Release */,
			);
			defaultConfigurationIsVisible = 0;
			defaultConfigurationName = Release;
		};
		671722682952AE18007892EE /* Build configuration list for PBXNativeTarget "firstprojectTests" */ = {
			isa = XCConfigurationList;
			buildConfigurations = (
				671722692952AE18007892EE /* Debug */,
				6717226A2952AE18007892EE /* Release */,
			);
			defaultConfigurationIsVisible = 0;
			defaultConfigurationName = Release;
		};
		6717226B2952AE18007892EE /* Build configuration list for PBXNativeTarget "firstprojectUITests" */ = {
			isa = XCConfigurationList;
			buildConfigurations = (
				6717226C2952AE18007892EE /* Debug */,
				6717226D2952AE18007892EE /* Release */,
			);
			defaultConfigurationIsVisible = 0;
			defaultConfigurationName = Release;
		};
/* End XCConfigurationList section */
	};
	rootObject = 671722392952AE14007892EE /* Project object */;
}
